
Microsoft Visual Studio Solution File, Format Version 12.00
# Visual Studio Version 16
VisualStudioVersion = 16.0.31105.61
MinimumVisualStudioVersion = 10.0.40219.1
Project("{9A19103F-16F7-4668-BE54-9A1E7A4F7556}") = "BlazorMVC", "BlazorMVC\BlazorMVC.csproj", "{9B9D8202-7CDD-4749-AC5B-A85E3927C52E}"
EndProject
Project("{9A19103F-16F7-4668-BE54-9A1E7A4F7556}") = "BlazorWebAppAPI", "BlazorWebAppAPI\BlazorWebAppAPI.csproj", "{22F943EB-CA4F-4A8F-BAEE-379E33708A5A}"
EndProject
Project("{9A19103F-16F7-4668-BE54-9A1E7A4F7556}") = "BlazorSvrApp", "BlazorSvrApp\BlazorSvrApp.csproj", "{6A11C14D-3CB5-4573-80EA-9107280AAA05}"
EndProject
Project("{FAE04EC0-301F-11D3-BF4B-00C04F79EFBC}") = "PWACoreWebApp", "PWACoreWebApp\PWACoreWebApp.csproj", "{C98BC627-E83A-4FCD-B581-E8C5DECAC652}"
EndProject
Project("{2150E333-8FDC-42A3-9474-1A3956D46DE8}") = "Solution", "Solution", "{43313A03-88F6-4120-9FF7-109A95811CAA}"
	ProjectSection(SolutionItems) = preProject
		readme-PWA.txt = readme-PWA.txt
	EndProjectSection
EndProject
Global
	GlobalSection(SolutionConfigurationPlatforms) = preSolution
		Debug|Any CPU = Debug|Any CPU
		Release|Any CPU = Release|Any CPU
	EndGlobalSection
	GlobalSection(ProjectConfigurationPlatforms) = postSolution
		{9B9D8202-7CDD-4749-AC5B-A85E3927C52E}.Debug|Any CPU.ActiveCfg = Debug|Any CPU
		{9B9D8202-7CDD-4749-AC5B-A85E3927C52E}.Debug|Any CPU.Build.0 = Debug|Any CPU
		{9B9D8202-7CDD-4749-AC5B-A85E3927C52E}.Release|Any CPU.ActiveCfg = Release|Any CPU
		{9B9D8202-7CDD-4749-AC5B-A85E3927C52E}.Release|Any CPU.Build.0 = Release|Any CPU
		{22F943EB-CA4F-4A8F-BAEE-379E33708A5A}.Debug|Any CPU.ActiveCfg = Debug|Any CPU
		{22F943EB-CA4F-4A8F-BAEE-379E33708A5A}.Debug|Any CPU.Build.0 = Debug|Any CPU
		{22F943EB-CA4F-4A8F-BAEE-379E33708A5A}.Release|Any CPU.ActiveCfg = Release|Any CPU
		{22F943EB-CA4F-4A8F-BAEE-379E33708A5A}.Release|Any CPU.Build.0 = Release|Any CPU
		{6A11C14D-3CB5-4573-80EA-9107280AAA05}.Debug|Any CPU.ActiveCfg = Debug|Any CPU
		{6A11C14D-3CB5-4573-80EA-9107280AAA05}.Debug|Any CPU.Build.0 = Debug|Any CPU
		{6A11C14D-3CB5-4573-80EA-9107280AAA05}.Release|Any CPU.ActiveCfg = Release|Any CPU
		{6A11C14D-3CB5-4573-80EA-9107280AAA05}.Release|Any CPU.Build.0 = Release|Any CPU
		{C98BC627-E83A-4FCD-B581-E8C5DECAC652}.Debug|Any CPU.ActiveCfg = Debug|Any CPU
		{C98BC627-E83A-4FCD-B581-E8C5DECAC652}.Debug|Any CPU.Build.0 = Debug|Any CPU
		{C98BC627-E83A-4FCD-B581-E8C5DECAC652}.Release|Any CPU.ActiveCfg = Release|Any CPU
		{C98BC627-E83A-4FCD-B581-E8C5DECAC652}.Release|Any CPU.Build.0 = Release|Any CPU
	EndGlobalSection
	GlobalSection(SolutionProperties) = preSolution
		HideSolutionNode = FALSE
	EndGlobalSection
	GlobalSection(ExtensibilityGlobals) = postSolution
		SolutionGuid = {B216B0F8-EB97-4991-9D7C-74071D4DD9EB}
	EndGlobalSection
EndGlobal
